
Microsoft Visual Studio Solution File, Format Version 12.00
# Visual Studio Version 17
VisualStudioVersion = 17.1.32328.378
MinimumVisualStudioVersion = 10.0.40219.1
Project("{FAE04EC0-301F-11D3-BF4B-00C04F79EFBC}") = "BoxingUnboxingApp", "BoxingUnboxingApp\BoxingUnboxingApp.csproj", "{F374D5B2-BB10-4CAC-9408-458530C97D65}"
EndProject
Global
	GlobalSection(SolutionConfigurationPlatforms) = preSolution
		Debug|Any CPU = Debug|Any CPU
		Release|Any CPU = Release|Any CPU
	EndGlobalSection
	GlobalSection(ProjectConfigurationPlatforms) = postSolution
		{F374D5B2-BB10-4CAC-9408-458530C97D65}.Debug|Any CPU.ActiveCfg = Debug|Any CPU
		{F374D5B2-BB10-4CAC-9408-458530C97D65}.Debug|Any CPU.Build.0 = Debug|Any CPU
		{F374D5B2-BB10-4CAC-9408-458530C97D65}.Release|Any CPU.ActiveCfg = Release|Any CPU
		{F374D5B2-BB10-4CAC-9408-458530C97D65}.Release|Any CPU.Build.0 = Release|Any CPU
	EndGlobalSection
	GlobalSection(SolutionProperties) = preSolution
		HideSolutionNode = FALSE
	EndGlobalSection
	GlobalSection(ExtensibilityGlobals) = postSolution
		SolutionGuid = {ECEF6988-FF5F-4082-B069-9A3E561F9975}
	EndGlobalSection
EndGlobal
