
Microsoft Visual Studio Solution File, Format Version 12.00
# Visual Studio Version 17
VisualStudioVersion = 17.1.32328.378
MinimumVisualStudioVersion = 10.0.40219.1
Project("{FAE04EC0-301F-11D3-BF4B-00C04F79EFBC}") = "AppConfigApp", "AppConfigApp\AppConfigApp.csproj", "{777A224A-379E-4DCA-9631-1B432039B983}"
EndProject
Global
	GlobalSection(SolutionConfigurationPlatforms) = preSolution
		Debug|Any CPU = Debug|Any CPU
		Release|Any CPU = Release|Any CPU
	EndGlobalSection
	GlobalSection(ProjectConfigurationPlatforms) = postSolution
		{777A224A-379E-4DCA-9631-1B432039B983}.Debug|Any CPU.ActiveCfg = Debug|Any CPU
		{777A224A-379E-4DCA-9631-1B432039B983}.Debug|Any CPU.Build.0 = Debug|Any CPU
		{777A224A-379E-4DCA-9631-1B432039B983}.Release|Any CPU.ActiveCfg = Release|Any CPU
		{777A224A-379E-4DCA-9631-1B432039B983}.Release|Any CPU.Build.0 = Release|Any CPU
	EndGlobalSection
	GlobalSection(SolutionProperties) = preSolution
		HideSolutionNode = FALSE
	EndGlobalSection
	GlobalSection(ExtensibilityGlobals) = postSolution
		SolutionGuid = {DF63560E-94A8-456D-ABC1-7CD72CE8C941}
	EndGlobalSection
EndGlobal
