
Microsoft Visual Studio Solution File, Format Version 12.00
# Visual Studio Version 17
VisualStudioVersion = 17.1.32328.378
MinimumVisualStudioVersion = 10.0.40219.1
Project("{FAE04EC0-301F-11D3-BF4B-00C04F79EFBC}") = "ValueDataTypeApp", "ValueDataTypeApp\ValueDataTypeApp.csproj", "{4983B43F-DC90-4CAE-806D-9D892A328567}"
EndProject
Global
	GlobalSection(SolutionConfigurationPlatforms) = preSolution
		Debug|Any CPU = Debug|Any CPU
		Release|Any CPU = Release|Any CPU
	EndGlobalSection
	GlobalSection(ProjectConfigurationPlatforms) = postSolution
		{4983B43F-DC90-4CAE-806D-9D892A328567}.Debug|Any CPU.ActiveCfg = Debug|Any CPU
		{4983B43F-DC90-4CAE-806D-9D892A328567}.Debug|Any CPU.Build.0 = Debug|Any CPU
		{4983B43F-DC90-4CAE-806D-9D892A328567}.Release|Any CPU.ActiveCfg = Release|Any CPU
		{4983B43F-DC90-4CAE-806D-9D892A328567}.Release|Any CPU.Build.0 = Release|Any CPU
	EndGlobalSection
	GlobalSection(SolutionProperties) = preSolution
		HideSolutionNode = FALSE
	EndGlobalSection
	GlobalSection(ExtensibilityGlobals) = postSolution
		SolutionGuid = {D4B99C67-EE0B-46BC-BF4A-08EAEE5765EE}
	EndGlobalSection
EndGlobal
