
Microsoft Visual Studio Solution File, Format Version 12.00
# Visual Studio Version 17
VisualStudioVersion = 17.1.32328.378
MinimumVisualStudioVersion = 10.0.40219.1
Project("{FAE04EC0-301F-11D3-BF4B-00C04F79EFBC}") = "SimpleDelegateWithLambdaApp", "SimpleDelegateWithLambdaApp\SimpleDelegateWithLambdaApp.csproj", "{D16FEFEA-EBAD-4935-8F05-1C060BC5655D}"
EndProject
Global
	GlobalSection(SolutionConfigurationPlatforms) = preSolution
		Debug|Any CPU = Debug|Any CPU
		Release|Any CPU = Release|Any CPU
	EndGlobalSection
	GlobalSection(ProjectConfigurationPlatforms) = postSolution
		{D16FEFEA-EBAD-4935-8F05-1C060BC5655D}.Debug|Any CPU.ActiveCfg = Debug|Any CPU
		{D16FEFEA-EBAD-4935-8F05-1C060BC5655D}.Debug|Any CPU.Build.0 = Debug|Any CPU
		{D16FEFEA-EBAD-4935-8F05-1C060BC5655D}.Release|Any CPU.ActiveCfg = Release|Any CPU
		{D16FEFEA-EBAD-4935-8F05-1C060BC5655D}.Release|Any CPU.Build.0 = Release|Any CPU
	EndGlobalSection
	GlobalSection(SolutionProperties) = preSolution
		HideSolutionNode = FALSE
	EndGlobalSection
	GlobalSection(ExtensibilityGlobals) = postSolution
		SolutionGuid = {5F41A2B3-318A-41B6-9854-0DE8B6CC7B9F}
	EndGlobalSection
EndGlobal
