
Microsoft Visual Studio Solution File, Format Version 12.00
# Visual Studio Version 17
VisualStudioVersion = 17.1.32328.378
MinimumVisualStudioVersion = 10.0.40219.1
Project("{FAE04EC0-301F-11D3-BF4B-00C04F79EFBC}") = "webapi", "webapi\webapi.csproj", "{0E42CBC9-6911-4D59-B115-C2F7E752585C}"
EndProject
Global
	GlobalSection(SolutionConfigurationPlatforms) = preSolution
		Debug|Any CPU = Debug|Any CPU
		Release|Any CPU = Release|Any CPU
	EndGlobalSection
	GlobalSection(ProjectConfigurationPlatforms) = postSolution
		{0E42CBC9-6911-4D59-B115-C2F7E752585C}.Debug|Any CPU.ActiveCfg = Debug|Any CPU
		{0E42CBC9-6911-4D59-B115-C2F7E752585C}.Debug|Any CPU.Build.0 = Debug|Any CPU
		{0E42CBC9-6911-4D59-B115-C2F7E752585C}.Release|Any CPU.ActiveCfg = Release|Any CPU
		{0E42CBC9-6911-4D59-B115-C2F7E752585C}.Release|Any CPU.Build.0 = Release|Any CPU
	EndGlobalSection
	GlobalSection(SolutionProperties) = preSolution
		HideSolutionNode = FALSE
	EndGlobalSection
	GlobalSection(ExtensibilityGlobals) = postSolution
		SolutionGuid = {1B489DD4-6BB3-44E7-B11D-A103B342C993}
	EndGlobalSection
EndGlobal
