
Microsoft Visual Studio Solution File, Format Version 12.00
# Visual Studio Version 17
VisualStudioVersion = 17.1.32328.378
MinimumVisualStudioVersion = 10.0.40219.1
Project("{FAE04EC0-301F-11D3-BF4B-00C04F79EFBC}") = "ISPViolationApp", "ISPSlnApp\ISPViolationApp.csproj", "{E61CB864-C205-45A3-8E0B-26C53762973F}"
EndProject
Project("{FAE04EC0-301F-11D3-BF4B-00C04F79EFBC}") = "ISPSolutionApp", "ISPSolutionApp\ISPSolutionApp.csproj", "{1DBF9011-977E-49B6-8E86-138D52CE09BF}"
EndProject
Global
	GlobalSection(SolutionConfigurationPlatforms) = preSolution
		Debug|Any CPU = Debug|Any CPU
		Release|Any CPU = Release|Any CPU
	EndGlobalSection
	GlobalSection(ProjectConfigurationPlatforms) = postSolution
		{E61CB864-C205-45A3-8E0B-26C53762973F}.Debug|Any CPU.ActiveCfg = Debug|Any CPU
		{E61CB864-C205-45A3-8E0B-26C53762973F}.Debug|Any CPU.Build.0 = Debug|Any CPU
		{E61CB864-C205-45A3-8E0B-26C53762973F}.Release|Any CPU.ActiveCfg = Release|Any CPU
		{E61CB864-C205-45A3-8E0B-26C53762973F}.Release|Any CPU.Build.0 = Release|Any CPU
		{1DBF9011-977E-49B6-8E86-138D52CE09BF}.Debug|Any CPU.ActiveCfg = Debug|Any CPU
		{1DBF9011-977E-49B6-8E86-138D52CE09BF}.Debug|Any CPU.Build.0 = Debug|Any CPU
		{1DBF9011-977E-49B6-8E86-138D52CE09BF}.Release|Any CPU.ActiveCfg = Release|Any CPU
		{1DBF9011-977E-49B6-8E86-138D52CE09BF}.Release|Any CPU.Build.0 = Release|Any CPU
	EndGlobalSection
	GlobalSection(SolutionProperties) = preSolution
		HideSolutionNode = FALSE
	EndGlobalSection
	GlobalSection(ExtensibilityGlobals) = postSolution
		SolutionGuid = {FDF3D0FA-71CA-4FF6-A920-80A75D4B73B8}
	EndGlobalSection
EndGlobal
