
Microsoft Visual Studio Solution File, Format Version 12.00
# Visual Studio Version 17
VisualStudioVersion = 17.1.32328.378
MinimumVisualStudioVersion = 10.0.40219.1
Project("{FAE04EC0-301F-11D3-BF4B-00C04F79EFBC}") = "SimpleMoviesApp", "SimpleMoviesApp\SimpleMoviesApp.csproj", "{EC966268-7278-475C-ABA6-CC6A44685336}"
EndProject
Global
	GlobalSection(SolutionConfigurationPlatforms) = preSolution
		Debug|Any CPU = Debug|Any CPU
		Release|Any CPU = Release|Any CPU
	EndGlobalSection
	GlobalSection(ProjectConfigurationPlatforms) = postSolution
		{EC966268-7278-475C-ABA6-CC6A44685336}.Debug|Any CPU.ActiveCfg = Debug|Any CPU
		{EC966268-7278-475C-ABA6-CC6A44685336}.Debug|Any CPU.Build.0 = Debug|Any CPU
		{EC966268-7278-475C-ABA6-CC6A44685336}.Release|Any CPU.ActiveCfg = Release|Any CPU
		{EC966268-7278-475C-ABA6-CC6A44685336}.Release|Any CPU.Build.0 = Release|Any CPU
	EndGlobalSection
	GlobalSection(SolutionProperties) = preSolution
		HideSolutionNode = FALSE
	EndGlobalSection
	GlobalSection(ExtensibilityGlobals) = postSolution
		SolutionGuid = {F44B7BEC-5CF0-45DA-8E79-E1E6A5DBE1F8}
	EndGlobalSection
EndGlobal
