
Microsoft Visual Studio Solution File, Format Version 12.00
# Visual Studio Version 17
VisualStudioVersion = 17.1.32328.378
MinimumVisualStudioVersion = 10.0.40219.1
Project("{FAE04EC0-301F-11D3-BF4B-00C04F79EFBC}") = "RectangleEncapsulation", "RectangleEncapsulation\RectangleEncapsulation.csproj", "{7F4DE86A-5BB4-4E3F-B9E7-F04D232A13E9}"
EndProject
Global
	GlobalSection(SolutionConfigurationPlatforms) = preSolution
		Debug|Any CPU = Debug|Any CPU
		Release|Any CPU = Release|Any CPU
	EndGlobalSection
	GlobalSection(ProjectConfigurationPlatforms) = postSolution
		{7F4DE86A-5BB4-4E3F-B9E7-F04D232A13E9}.Debug|Any CPU.ActiveCfg = Debug|Any CPU
		{7F4DE86A-5BB4-4E3F-B9E7-F04D232A13E9}.Debug|Any CPU.Build.0 = Debug|Any CPU
		{7F4DE86A-5BB4-4E3F-B9E7-F04D232A13E9}.Release|Any CPU.ActiveCfg = Release|Any CPU
		{7F4DE86A-5BB4-4E3F-B9E7-F04D232A13E9}.Release|Any CPU.Build.0 = Release|Any CPU
	EndGlobalSection
	GlobalSection(SolutionProperties) = preSolution
		HideSolutionNode = FALSE
	EndGlobalSection
	GlobalSection(ExtensibilityGlobals) = postSolution
		SolutionGuid = {48B0B82B-2888-49E9-A7A4-7636328A0A23}
	EndGlobalSection
EndGlobal
