
Microsoft Visual Studio Solution File, Format Version 12.00
# Visual Studio Version 17
VisualStudioVersion = 17.1.32328.378
MinimumVisualStudioVersion = 10.0.40219.1
Project("{FAE04EC0-301F-11D3-BF4B-00C04F79EFBC}") = "PlayerApp", "PlayerApp\PlayerApp.csproj", "{C1F5C056-E327-4561-8D3D-32C7BBE4B01A}"
EndProject
Global
	GlobalSection(SolutionConfigurationPlatforms) = preSolution
		Debug|Any CPU = Debug|Any CPU
		Release|Any CPU = Release|Any CPU
	EndGlobalSection
	GlobalSection(ProjectConfigurationPlatforms) = postSolution
		{C1F5C056-E327-4561-8D3D-32C7BBE4B01A}.Debug|Any CPU.ActiveCfg = Debug|Any CPU
		{C1F5C056-E327-4561-8D3D-32C7BBE4B01A}.Debug|Any CPU.Build.0 = Debug|Any CPU
		{C1F5C056-E327-4561-8D3D-32C7BBE4B01A}.Release|Any CPU.ActiveCfg = Release|Any CPU
		{C1F5C056-E327-4561-8D3D-32C7BBE4B01A}.Release|Any CPU.Build.0 = Release|Any CPU
	EndGlobalSection
	GlobalSection(SolutionProperties) = preSolution
		HideSolutionNode = FALSE
	EndGlobalSection
	GlobalSection(ExtensibilityGlobals) = postSolution
		SolutionGuid = {FB015824-4B28-40BA-96DB-699E579C4060}
	EndGlobalSection
EndGlobal
